schema: '2.0'
stages:
  load_data:
    cmd: python src/load_data.py
    deps:
    - path: src/load_data.py
      md5: db94f13dab25164fb992831442e357e7
      size: 228
    outs:
    - path: output/data.pkl
      md5: 35353c71da0985eed8bb507bbc53bd91
      size: 54950285
  train:
    cmd: python src/train.py
    deps:
    - path: output/data.pkl
      md5: 35353c71da0985eed8bb507bbc53bd91
      size: 54950285
    - path: src/train.py
      md5: 571f46610c0d7fd94eb15493e23b6b8e
      size: 2875
    params:
      params.yaml:
        train.batch_size: 128
        train.dropout: 0.45
        train.hidden_units: 64
        train.lr: 0.001
        train.num_epochs: 5
    outs:
    - path: dvclive/metrics.json
      md5: 8b33b1a29ce9520fd81f14b20480e6b8
      size: 53
    - path: output/model.h5
      md5: 256b29b77ec6562fc8dc319a8f9eb063
      size: 3681752
    - path: output/train_logs.csv
      md5: a521f9fadcc84522abe08b73ed253a7a
      size: 218
  evaluate:
    cmd: python src/evaluate.py
    deps:
    - path: output/data.pkl
      md5: 35353c71da0985eed8bb507bbc53bd91
      size: 54950285
    - path: output/model.h5
      md5: 256b29b77ec6562fc8dc319a8f9eb063
      size: 3681752
    - path: src/evaluate.py
      md5: 56af2219bbc7599971432616d8afdf13
      size: 1161
    outs:
    - path: output/metrics.json
      md5: 33d59a3fb85e0c5265801d036f60f0bd
      size: 60
    - path: output/predictions.json
      md5: 8c55dcce414c6bbb3eaf183c61326cad
      size: 310000
