schema: '2.0'
stages:
  load_data:
    cmd: python src/load_data.py
    deps:
    - path: src/load_data.py
      md5: db94f13dab25164fb992831442e357e7
      size: 228
    outs:
    - path: output/data.pkl
      md5: 35353c71da0985eed8bb507bbc53bd91
      size: 54950285
  train:
    cmd: python src/train.py
    deps:
    - path: output/data.pkl
      md5: 35353c71da0985eed8bb507bbc53bd91
      size: 54950285
    - path: src/train.py
      md5: 3b2204ada7743878298ee558c2d294cd
      size: 2699
    params:
      params.yaml:
        train.batch_size: 128
        train.dropout: 0.4
        train.hidden_units: 64
        train.lr: 0.01
        train.num_epochs: 3
    outs:
    - path: dvclive/metrics.json
      md5: b3195db835a45d0774c062fd7f2ad683
      size: 53
    - path: output/model.h5
      md5: 8036d102f8386d8d0ee0da4e9e36b418
      size: 637264
    - path: output/train_logs.csv
      md5: 386e99b82e79be80fe2616817301bd83
      size: 139
  evaluate:
    cmd: python src/evaluate.py
    deps:
    - path: output/data.pkl
      md5: 35353c71da0985eed8bb507bbc53bd91
      size: 54950285
    - path: output/model.h5
      md5: 8036d102f8386d8d0ee0da4e9e36b418
      size: 637264
    - path: src/evaluate.py
      md5: 85d73b83a78dca17769216e7406895bf
      size: 1168
    outs:
    - path: output/metrics.json
      md5: 70d66887a11aec60cdc4284a8386326f
      size: 61
    - path: output/predictions.json
      md5: 14f27c65539590ac9090913fa65159b6
      size: 310000
