schema: '2.0'
stages:
  load_data:
    cmd: python src/load_data.py
    deps:
    - path: src/load_data.py
      md5: db94f13dab25164fb992831442e357e7
      size: 228
    outs:
    - path: output/data.pkl
      md5: 35353c71da0985eed8bb507bbc53bd91
      size: 54950285
  train:
    cmd: python src/train.py
    deps:
    - path: output/data.pkl
      md5: 35353c71da0985eed8bb507bbc53bd91
      size: 54950285
    - path: src/train.py
      md5: 571f46610c0d7fd94eb15493e23b6b8e
      size: 2875
    params:
      params.yaml:
        train.batch_size: 128
        train.dropout: 0.4
        train.hidden_units: 64
        train.lr: 0.001
        train.num_epochs: 3
    outs:
    - path: dvclive/metrics.json
      md5: fa0522416777fb3169a1357c712299a9
      size: 53
    - path: output/model.h5
      md5: 5cc893f3018239c5048d5e4fc15ec28d
      size: 3681752
    - path: output/train_logs.csv
      md5: 54b667bb536c8a0355f71e88f4766b09
      size: 141
  evaluate:
    cmd: python src/evaluate.py
    deps:
    - path: output/data.pkl
      md5: 35353c71da0985eed8bb507bbc53bd91
      size: 54950285
    - path: output/model.h5
      md5: ccbb39f33b9c7e3d78b32bb622105cc2
      size: 3681752
    - path: src/evaluate.py
      md5: 56af2219bbc7599971432616d8afdf13
      size: 1161
    outs:
    - path: output/metrics.json
      md5: 06ffe5ed5f9c98f07577262148d5d3b1
      size: 60
    - path: output/predictions.json
      md5: 256de3b9ff7cbb1a34822dbd3ba74c86
      size: 310000
